
Microsoft Visual Studio Solution File, Format Version 12.00
# Visual Studio Version 17
VisualStudioVersion = 17.14.36408.4 d17.14
MinimumVisualStudioVersion = 10.0.40219.1
Project("{888888A0-9F3D-457C-B088-3A5042F75D52}") = "TakeControleOverComputer_Client", "TakeControleOverComputer_Client\TakeControleOverComputer_Client.pyproj", "{49690A3C-9F35-4E8D-B65D-B224FFDB277B}"
EndProject
Global
	GlobalSection(SolutionConfigurationPlatforms) = preSolution
		Debug|Any CPU = Debug|Any CPU
		Release|Any CPU = Release|Any CPU
	EndGlobalSection
	GlobalSection(ProjectConfigurationPlatforms) = postSolution
		{49690A3C-9F35-4E8D-B65D-B224FFDB277B}.Debug|Any CPU.ActiveCfg = Debug|Any CPU
		{49690A3C-9F35-4E8D-B65D-B224FFDB277B}.Release|Any CPU.ActiveCfg = Release|Any CPU
	EndGlobalSection
	GlobalSection(SolutionProperties) = preSolution
		HideSolutionNode = FALSE
	EndGlobalSection
	GlobalSection(ExtensibilityGlobals) = postSolution
		SolutionGuid = {4C962E7A-1742-4396-A0BA-D10145A2D605}
	EndGlobalSection
EndGlobal
